
Microsoft Visual Studio Solution File, Format Version 12.00
# Visual Studio Version 17
VisualStudioVersion = 17.5.002.0
MinimumVisualStudioVersion = 10.0.40219.1
Project("{9A19103F-16F7-4668-BE54-9A1E7A4F7556}") = "MyAspNetProject", "MyAspNetProject.csproj", "{25B5ED0E-CB91-44D6-91B4-F520961C2485}"
EndProject
Global
	GlobalSection(SolutionConfigurationPlatforms) = preSolution
		Debug|Any CPU = Debug|Any CPU
		Release|Any CPU = Release|Any CPU
	EndGlobalSection
	GlobalSection(ProjectConfigurationPlatforms) = postSolution
		{25B5ED0E-CB91-44D6-91B4-F520961C2485}.Debug|Any CPU.ActiveCfg = Debug|Any CPU
		{25B5ED0E-CB91-44D6-91B4-F520961C2485}.Debug|Any CPU.Build.0 = Debug|Any CPU
		{25B5ED0E-CB91-44D6-91B4-F520961C2485}.Release|Any CPU.ActiveCfg = Release|Any CPU
		{25B5ED0E-CB91-44D6-91B4-F520961C2485}.Release|Any CPU.Build.0 = Release|Any CPU
	EndGlobalSection
	GlobalSection(SolutionProperties) = preSolution
		HideSolutionNode = FALSE
	EndGlobalSection
	GlobalSection(ExtensibilityGlobals) = postSolution
		SolutionGuid = {9A2AD398-3AC4-4F0E-BBDC-C87398D1281D}
	EndGlobalSection
EndGlobal
